
Microsoft Visual Studio Solution File, Format Version 12.00
# Visual Studio Version 17
VisualStudioVersion = 17.13.35806.99 d17.13
MinimumVisualStudioVersion = 10.0.40219.1
Project("{FAE04EC0-301F-11D3-BF4B-00C04F79EFBC}") = "Primzahl_AzureFunction", "Primzahl_AzureFunction\Primzahl_AzureFunction.csproj", "{FF7A525B-6E4C-4B7B-A158-079CA2FEBEAC}"
EndProject
Global
	GlobalSection(SolutionConfigurationPlatforms) = preSolution
		Debug|Any CPU = Debug|Any CPU
		Release|Any CPU = Release|Any CPU
	EndGlobalSection
	GlobalSection(ProjectConfigurationPlatforms) = postSolution
		{FF7A525B-6E4C-4B7B-A158-079CA2FEBEAC}.Debug|Any CPU.ActiveCfg = Debug|Any CPU
		{FF7A525B-6E4C-4B7B-A158-079CA2FEBEAC}.Debug|Any CPU.Build.0 = Debug|Any CPU
		{FF7A525B-6E4C-4B7B-A158-079CA2FEBEAC}.Release|Any CPU.ActiveCfg = Release|Any CPU
		{FF7A525B-6E4C-4B7B-A158-079CA2FEBEAC}.Release|Any CPU.Build.0 = Release|Any CPU
	EndGlobalSection
	GlobalSection(SolutionProperties) = preSolution
		HideSolutionNode = FALSE
	EndGlobalSection
	GlobalSection(ExtensibilityGlobals) = postSolution
		SolutionGuid = {AFD5C7FA-D77E-4DFE-811D-B1131E36D09B}
	EndGlobalSection
EndGlobal
